
Microsoft Visual Studio Solution File, Format Version 12.00
# Visual Studio Version 17
VisualStudioVersion = 17.1.32210.238
MinimumVisualStudioVersion = 10.0.40219.1
Project("{FAE04EC0-301F-11D3-BF4B-00C04F79EFBC}") = "Mental Care", "Mental Care\Mental Care.csproj", "{33820650-94E6-4E2D-8DA5-099E9D31D4AD}"
EndProject
Global
	GlobalSection(SolutionConfigurationPlatforms) = preSolution
		Debug|Any CPU = Debug|Any CPU
		Release|Any CPU = Release|Any CPU
	EndGlobalSection
	GlobalSection(ProjectConfigurationPlatforms) = postSolution
		{33820650-94E6-4E2D-8DA5-099E9D31D4AD}.Debug|Any CPU.ActiveCfg = Debug|Any CPU
		{33820650-94E6-4E2D-8DA5-099E9D31D4AD}.Debug|Any CPU.Build.0 = Debug|Any CPU
		{33820650-94E6-4E2D-8DA5-099E9D31D4AD}.Release|Any CPU.ActiveCfg = Release|Any CPU
		{33820650-94E6-4E2D-8DA5-099E9D31D4AD}.Release|Any CPU.Build.0 = Release|Any CPU
	EndGlobalSection
	GlobalSection(SolutionProperties) = preSolution
		HideSolutionNode = FALSE
	EndGlobalSection
	GlobalSection(ExtensibilityGlobals) = postSolution
		SolutionGuid = {661E8727-74B1-40C5-B778-CD53CFBF02D9}
	EndGlobalSection
EndGlobal
